
Microsoft Visual Studio Solution File, Format Version 12.00
# Visual Studio 15
Project("{FAE04EC0-301F-11D3-BF4B-00C04F79EFBC}") = "Assembly-CSharp", "Assembly-CSharp.csproj", "{9EEA283F-4D40-0B79-B6EC-0CED967A8DA5}"
EndProject
Project("{FAE04EC0-301F-11D3-BF4B-00C04F79EFBC}") = "Assembly-CSharp-Editor-firstpass", "Assembly-CSharp-Editor-firstpass.csproj", "{8C338D13-4EB0-3BE2-9D8C-07EF55DAC159}"
EndProject
Global
	GlobalSection(SolutionConfigurationPlatforms) = preSolution
		Debug|Any CPU = Debug|Any CPU
		Release|Any CPU = Release|Any CPU
	EndGlobalSection
	GlobalSection(ProjectConfigurationPlatforms) = postSolution
		{9EEA283F-4D40-0B79-B6EC-0CED967A8DA5}.Debug|Any CPU.ActiveCfg = Debug|Any CPU
		{9EEA283F-4D40-0B79-B6EC-0CED967A8DA5}.Debug|Any CPU.Build.0 = Debug|Any CPU
		{9EEA283F-4D40-0B79-B6EC-0CED967A8DA5}.Release|Any CPU.ActiveCfg = Release|Any CPU
		{9EEA283F-4D40-0B79-B6EC-0CED967A8DA5}.Release|Any CPU.Build.0 = Release|Any CPU
		{8C338D13-4EB0-3BE2-9D8C-07EF55DAC159}.Debug|Any CPU.ActiveCfg = Debug|Any CPU
		{8C338D13-4EB0-3BE2-9D8C-07EF55DAC159}.Debug|Any CPU.Build.0 = Debug|Any CPU
		{8C338D13-4EB0-3BE2-9D8C-07EF55DAC159}.Release|Any CPU.ActiveCfg = Release|Any CPU
		{8C338D13-4EB0-3BE2-9D8C-07EF55DAC159}.Release|Any CPU.Build.0 = Release|Any CPU
	EndGlobalSection
	GlobalSection(SolutionProperties) = preSolution
		HideSolutionNode = FALSE
	EndGlobalSection
EndGlobal
